// !$*UTF8*$!
{
	archiveVersion = 1;
	classes = {
	};
	objectVersion = 46;
	objects = {

/* Begin PBXBuildFile section */
		F04A3FD21F57C54000B0E396 /* MapKit.framework in Frameworks */ = {isa = PBXBuildFile; fileRef = F04A3FD11F57C54000B0E396 /* MapKit.framework */; };
		F06C6E721F5E06FD00B3136F /* MapViewController.swift in Sources */ = {isa = PBXBuildFile; fileRef = F06C6E711F5E06FD00B3136F /* MapViewController.swift */; };
		F0A16E441F4D17DA00F38520 /* ConversionViewController.swift in Sources */ = {isa = PBXBuildFile; fileRef = F0A16E431F4D17DA00F38520 /* ConversionViewController.swift */; };
		F0C915B41F3FEC1F00166964 /* AppDelegate.swift in Sources */ = {isa = PBXBuildFile; fileRef = F0C915B31F3FEC1F00166964 /* AppDelegate.swift */; };
		F0C915B91F3FEC1F00166964 /* Main.storyboard in Resources */ = {isa = PBXBuildFile; fileRef = F0C915B71F3FEC1F00166964 /* Main.storyboard */; };
		F0C915BB1F3FEC1F00166964 /* Assets.xcassets in Resources */ = {isa = PBXBuildFile; fileRef = F0C915BA1F3FEC1F00166964 /* Assets.xcassets */; };
		F0C915BE1F3FEC1F00166964 /* LaunchScreen.storyboard in Resources */ = {isa = PBXBuildFile; fileRef = F0C915BC1F3FEC1F00166964 /* LaunchScreen.storyboard */; };
		F0C915C91F3FEC1F00166964 /* WorldTrotterTests.swift in Sources */ = {isa = PBXBuildFile; fileRef = F0C915C81F3FEC1F00166964 /* WorldTrotterTests.swift */; };
		F0C915D41F3FEC1F00166964 /* WorldTrotterUITests.swift in Sources */ = {isa = PBXBuildFile; fileRef = F0C915D31F3FEC1F00166964 /* WorldTrotterUITests.swift */; };
/* End PBXBuildFile section */

/* Begin PBXContainerItemProxy section */
		F0C915C51F3FEC1F00166964 /* PBXContainerItemProxy */ = {
			isa = PBXContainerItemProxy;
			containerPortal = F0C915A81F3FEC1F00166964 /* Project object */;
			proxyType = 1;
			remoteGlobalIDString = F0C915AF1F3FEC1F00166964;
			remoteInfo = WorldTrotter;
		};
		F0C915D01F3FEC1F00166964 /* PBXContainerItemProxy */ = {
			isa = PBXContainerItemProxy;
			containerPortal = F0C915A81F3FEC1F00166964 /* Project object */;
			proxyType = 1;
			remoteGlobalIDString = F0C915AF1F3FEC1F00166964;
			remoteInfo = WorldTrotter;
		};
/* End PBXContainerItemProxy section */

/* Begin PBXFileReference section */
		F04A3FD11F57C54000B0E396 /* MapKit.framework */ = {isa = PBXFileReference; lastKnownFileType = wrapper.framework; name = MapKit.framework; path = System/Library/Frameworks/MapKit.framework; sourceTree = SDKROOT; };
		F06C6E711F5E06FD00B3136F /* MapViewController.swift */ = {isa = PBXFileReference; fileEncoding = 4; lastKnownFileType = sourcecode.swift; path = MapViewController.swift; sourceTree = "<group>"; };
		F0A16E431F4D17DA00F38520 /* ConversionViewController.swift */ = {isa = PBXFileReference; fileEncoding = 4; lastKnownFileType = sourcecode.swift; path = ConversionViewController.swift; sourceTree = "<group>"; };
		F0C915B01F3FEC1F00166964 /* WorldTrotter.app */ = {isa = PBXFileReference; explicitFileType = wrapper.application; includeInIndex = 0; path = WorldTrotter.app; sourceTree = BUILT_PRODUCTS_DIR; };
		F0C915B31F3FEC1F00166964 /* AppDelegate.swift */ = {isa = PBXFileReference; lastKnownFileType = sourcecode.swift; path = AppDelegate.swift; sourceTree = "<group>"; };
		F0C915B81F3FEC1F00166964 /* Base */ = {isa = PBXFileReference; lastKnownFileType = file.storyboard; name = Base; path = Base.lproj/Main.storyboard; sourceTree = "<group>"; };
		F0C915BA1F3FEC1F00166964 /* Assets.xcassets */ = {isa = PBXFileReference; lastKnownFileType = folder.assetcatalog; path = Assets.xcassets; sourceTree = "<group>"; };
		F0C915BD1F3FEC1F00166964 /* Base */ = {isa = PBXFileReference; lastKnownFileType = file.storyboard; name = Base; path = Base.lproj/LaunchScreen.storyboard; sourceTree = "<group>"; };
		F0C915BF1F3FEC1F00166964 /* Info.plist */ = {isa = PBXFileReference; lastKnownFileType = text.plist.xml; path = Info.plist; sourceTree = "<group>"; };
		F0C915C41F3FEC1F00166964 /* WorldTrotterTests.xctest */ = {isa = PBXFileReference; explicitFileType = wrapper.cfbundle; includeInIndex = 0; path = WorldTrotterTests.xctest; sourceTree = BUILT_PRODUCTS_DIR; };
		F0C915C81F3FEC1F00166964 /* WorldTrotterTests.swift */ = {isa = PBXFileReference; lastKnownFileType = sourcecode.swift; path = WorldTrotterTests.swift; sourceTree = "<group>"; };
		F0C915CA1F3FEC1F00166964 /* Info.plist */ = {isa = PBXFileReference; lastKnownFileType = text.plist.xml; path = Info.plist; sourceTree = "<group>"; };
		F0C915CF1F3FEC1F00166964 /* WorldTrotterUITests.xctest */ = {isa = PBXFileReference; explicitFileType = wrapper.cfbundle; includeInIndex = 0; path = WorldTrotterUITests.xctest; sourceTree = BUILT_PRODUCTS_DIR; };
		F0C915D31F3FEC1F00166964 /* WorldTrotterUITests.swift */ = {isa = PBXFileReference; lastKnownFileType = sourcecode.swift; path = WorldTrotterUITests.swift; sourceTree = "<group>"; };
		F0C915D51F3FEC1F00166964 /* Info.plist */ = {isa = PBXFileReference; lastKnownFileType = text.plist.xml; path = Info.plist; sourceTree = "<group>"; };
		F0F1A8DA1F6B579700EB2505 /* en */ = {isa = PBXFileReference; lastKnownFileType = text.plist.strings; name = en; path = en.lproj/Main.strings; sourceTree = "<group>"; };
		F0F1A8DB1F6B582F00EB2505 /* es */ = {isa = PBXFileReference; lastKnownFileType = text.plist.strings; name = es; path = es.lproj/Main.strings; sourceTree = "<group>"; };
/* End PBXFileReference section */

/* Begin PBXFrameworksBuildPhase section */
		F0C915AD1F3FEC1F00166964 /* Frameworks */ = {
			isa = PBXFrameworksBuildPhase;
			buildActionMask = 2147483647;
			files = (
				F04A3FD21F57C54000B0E396 /* MapKit.framework in Frameworks */,
			);
			runOnlyForDeploymentPostprocessing = 0;
		};
		F0C915C11F3FEC1F00166964 /* Frameworks */ = {
			isa = PBXFrameworksBuildPhase;
			buildActionMask = 2147483647;
			files = (
			);
			runOnlyForDeploymentPostprocessing = 0;
		};
		F0C915CC1F3FEC1F00166964 /* Frameworks */ = {
			isa = PBXFrameworksBuildPhase;
			buildActionMask = 2147483647;
			files = (
			);
			runOnlyForDeploymentPostprocessing = 0;
		};
/* End PBXFrameworksBuildPhase section */

/* Begin PBXGroup section */
		F04A3FD01F57C54000B0E396 /* Frameworks */ = {
			isa = PBXGroup;
			children = (
				F04A3FD11F57C54000B0E396 /* MapKit.framework */,
			);
			name = Frameworks;
			sourceTree = "<group>";
		};
		F0C915A71F3FEC1F00166964 = {
			isa = PBXGroup;
			children = (
				F0C915B21F3FEC1F00166964 /* WorldTrotter */,
				F0C915C71F3FEC1F00166964 /* WorldTrotterTests */,
				F0C915D21F3FEC1F00166964 /* WorldTrotterUITests */,
				F0C915B11F3FEC1F00166964 /* Products */,
				F04A3FD01F57C54000B0E396 /* Frameworks */,
			);
			sourceTree = "<group>";
		};
		F0C915B11F3FEC1F00166964 /* Products */ = {
			isa = PBXGroup;
			children = (
				F0C915B01F3FEC1F00166964 /* WorldTrotter.app */,
				F0C915C41F3FEC1F00166964 /* WorldTrotterTests.xctest */,
				F0C915CF1F3FEC1F00166964 /* WorldTrotterUITests.xctest */,
			);
			name = Products;
			sourceTree = "<group>";
		};
		F0C915B21F3FEC1F00166964 /* WorldTrotter */ = {
			isa = PBXGroup;
			children = (
				F06C6E711F5E06FD00B3136F /* MapViewController.swift */,
				F0C915B31F3FEC1F00166964 /* AppDelegate.swift */,
				F0C915B71F3FEC1F00166964 /* Main.storyboard */,
				F0A16E431F4D17DA00F38520 /* ConversionViewController.swift */,
				F0C915BA1F3FEC1F00166964 /* Assets.xcassets */,
				F0C915BC1F3FEC1F00166964 /* LaunchScreen.storyboard */,
				F0C915BF1F3FEC1F00166964 /* Info.plist */,
			);
			path = WorldTrotter;
			sourceTree = "<group>";
		};
		F0C915C71F3FEC1F00166964 /* WorldTrotterTests */ = {
			isa = PBXGroup;
			children = (
				F0C915C81F3FEC1F00166964 /* WorldTrotterTests.swift */,
				F0C915CA1F3FEC1F00166964 /* Info.plist */,
			);
			path = WorldTrotterTests;
			sourceTree = "<group>";
		};
		F0C915D21F3FEC1F00166964 /* WorldTrotterUITests */ = {
			isa = PBXGroup;
			children = (
				F0C915D31F3FEC1F00166964 /* WorldTrotterUITests.swift */,
				F0C915D51F3FEC1F00166964 /* Info.plist */,
			);
			path = WorldTrotterUITests;
			sourceTree = "<group>";
		};
/* End PBXGroup section */

/* Begin PBXNativeTarget section */
		F0C915AF1F3FEC1F00166964 /* WorldTrotter */ = {
			isa = PBXNativeTarget;
			buildConfigurationList = F0C915D81F3FEC1F00166964 /* Build configuration list for PBXNativeTarget "WorldTrotter" */;
			buildPhases = (
				F0C915AC1F3FEC1F00166964 /* Sources */,
				F0C915AD1F3FEC1F00166964 /* Frameworks */,
				F0C915AE1F3FEC1F00166964 /* Resources */,
			);
			buildRules = (
			);
			dependencies = (
			);
			name = WorldTrotter;
			productName = WorldTrotter;
			productReference = F0C915B01F3FEC1F00166964 /* WorldTrotter.app */;
			productType = "com.apple.product-type.application";
		};
		F0C915C31F3FEC1F00166964 /* WorldTrotterTests */ = {
			isa = PBXNativeTarget;
			buildConfigurationList = F0C915DB1F3FEC1F00166964 /* Build configuration list for PBXNativeTarget "WorldTrotterTests" */;
			buildPhases = (
				F0C915C01F3FEC1F00166964 /* Sources */,
				F0C915C11F3FEC1F00166964 /* Frameworks */,
				F0C915C21F3FEC1F00166964 /* Resources */,
			);
			buildRules = (
			);
			dependencies = (
				F0C915C61F3FEC1F00166964 /* PBXTargetDependency */,
			);
			name = WorldTrotterTests;
			productName = WorldTrotterTests;
			productReference = F0C915C41F3FEC1F00166964 /* WorldTrotterTests.xctest */;
			productType = "com.apple.product-type.bundle.unit-test";
		};
		F0C915CE1F3FEC1F00166964 /* WorldTrotterUITests */ = {
			isa = PBXNativeTarget;
			buildConfigurationList = F0C915DE1F3FEC1F00166964 /* Build configuration list for PBXNativeTarget "WorldTrotterUITests" */;
			buildPhases = (
				F0C915CB1F3FEC1F00166964 /* Sources */,
				F0C915CC1F3FEC1F00166964 /* Frameworks */,
				F0C915CD1F3FEC1F00166964 /* Resources */,
			);
			buildRules = (
			);
			dependencies = (
				F0C915D11F3FEC1F00166964 /* PBXTargetDependency */,
			);
			name = WorldTrotterUITests;
			productName = WorldTrotterUITests;
			productReference = F0C915CF1F3FEC1F00166964 /* WorldTrotterUITests.xctest */;
			productType = "com.apple.product-type.bundle.ui-testing";
		};
/* End PBXNativeTarget section */

/* Begin PBXProject section */
		F0C915A81F3FEC1F00166964 /* Project object */ = {
			isa = PBXProject;
			attributes = {
				LastSwiftUpdateCheck = 0830;
				LastUpgradeCheck = 0830;
				ORGANIZATIONNAME = "BIg Nerd Ranch";
				TargetAttributes = {
					F0C915AF1F3FEC1F00166964 = {
						CreatedOnToolsVersion = 8.3.3;
						ProvisioningStyle = Automatic;
					};
					F0C915C31F3FEC1F00166964 = {
						CreatedOnToolsVersion = 8.3.3;
						ProvisioningStyle = Automatic;
						TestTargetID = F0C915AF1F3FEC1F00166964;
					};
					F0C915CE1F3FEC1F00166964 = {
						CreatedOnToolsVersion = 8.3.3;
						ProvisioningStyle = Automatic;
						TestTargetID = F0C915AF1F3FEC1F00166964;
					};
				};
			};
			buildConfigurationList = F0C915AB1F3FEC1F00166964 /* Build configuration list for PBXProject "WorldTrotter" */;
			compatibilityVersion = "Xcode 3.2";
			developmentRegion = English;
			hasScannedForEncodings = 0;
			knownRegions = (
				en,
				Base,
			);
			mainGroup = F0C915A71F3FEC1F00166964;
			productRefGroup = F0C915B11F3FEC1F00166964 /* Products */;
			projectDirPath = "";
			projectRoot = "";
			targets = (
				F0C915AF1F3FEC1F00166964 /* WorldTrotter */,
				F0C915C31F3FEC1F00166964 /* WorldTrotterTests */,
				F0C915CE1F3FEC1F00166964 /* WorldTrotterUITests */,
			);
		};
/* End PBXProject section */

/* Begin PBXResourcesBuildPhase section */
		F0C915AE1F3FEC1F00166964 /* Resources */ = {
			isa = PBXResourcesBuildPhase;
			buildActionMask = 2147483647;
			files = (
				F0C915BE1F3FEC1F00166964 /* LaunchScreen.storyboard in Resources */,
				F0C915BB1F3FEC1F00166964 /* Assets.xcassets in Resources */,
				F0C915B91F3FEC1F00166964 /* Main.storyboard in Resources */,
			);
			runOnlyForDeploymentPostprocessing = 0;
		};
		F0C915C21F3FEC1F00166964 /* Resources */ = {
			isa = PBXResourcesBuildPhase;
			buildActionMask = 2147483647;
			files = (
			);
			runOnlyForDeploymentPostprocessing = 0;
		};
		F0C915CD1F3FEC1F00166964 /* Resources */ = {
			isa = PBXResourcesBuildPhase;
			buildActionMask = 2147483647;
			files = (
			);
			runOnlyForDeploymentPostprocessing = 0;
		};
/* End PBXResourcesBuildPhase section */

/* Begin PBXSourcesBuildPhase section */
		F0C915AC1F3FEC1F00166964 /* Sources */ = {
			isa = PBXSourcesBuildPhase;
			buildActionMask = 2147483647;
			files = (
				F0A16E441F4D17DA00F38520 /* ConversionViewController.swift in Sources */,
				F06C6E721F5E06FD00B3136F /* MapViewController.swift in Sources */,
				F0C915B41F3FEC1F00166964 /* AppDelegate.swift in Sources */,
			);
			runOnlyForDeploymentPostprocessing = 0;
		};
		F0C915C01F3FEC1F00166964 /* Sources */ = {
			isa = PBXSourcesBuildPhase;
			buildActionMask = 2147483647;
			files = (
				F0C915C91F3FEC1F00166964 /* WorldTrotterTests.swift in Sources */,
			);
			runOnlyForDeploymentPostprocessing = 0;
		};
		F0C915CB1F3FEC1F00166964 /* Sources */ = {
			isa = PBXSourcesBuildPhase;
			buildActionMask = 2147483647;
			files = (
				F0C915D41F3FEC1F00166964 /* WorldTrotterUITests.swift in Sources */,
			);
			runOnlyForDeploymentPostprocessing = 0;
		};
/* End PBXSourcesBuildPhase section */

/* Begin PBXTargetDependency section */
		F0C915C61F3FEC1F00166964 /* PBXTargetDependency */ = {
			isa = PBXTargetDependency;
			target = F0C915AF1F3FEC1F00166964 /* WorldTrotter */;
			targetProxy = F0C915C51F3FEC1F00166964 /* PBXContainerItemProxy */;
		};
		F0C915D11F3FEC1F00166964 /* PBXTargetDependency */ = {
			isa = PBXTargetDependency;
			target = F0C915AF1F3FEC1F00166964 /* WorldTrotter */;
			targetProxy = F0C915D01F3FEC1F00166964 /* PBXContainerItemProxy */;
		};
/* End PBXTargetDependency section */

/* Begin PBXVariantGroup section */
		F0C915B71F3FEC1F00166964 /* Main.storyboard */ = {
			isa = PBXVariantGroup;
			children = (
				F0C915B81F3FEC1F00166964 /* Base */,
				F0F1A8DA1F6B579700EB2505 /* en */,
				F0F1A8DB1F6B582F00EB2505 /* es */,
			);
			name = Main.storyboard;
			sourceTree = "<group>";
		};
		F0C915BC1F3FEC1F00166964 /* LaunchScreen.storyboard */ = {
			isa = PBXVariantGroup;
			children = (
				F0C915BD1F3FEC1F00166964 /* Base */,
			);
			name = LaunchScreen.storyboard;
			sourceTree = "<group>";
		};
/* End PBXVariantGroup section */

/* Begin XCBuildConfiguration section */
		F0C915D61F3FEC1F00166964 /* Debug */ = {
			isa = XCBuildConfiguration;
			buildSettings = {
				ALWAYS_SEARCH_USER_PATHS = NO;
				CLANG_ANALYZER_LOCALIZABILITY_NONLOCALIZED = YES;
				CLANG_ANALYZER_NONNULL = YES;
				CLANG_ANALYZER_NUMBER_OBJECT_CONVERSION = YES_AGGRESSIVE;
				CLANG_CXX_LANGUAGE_STANDARD = "gnu++0x";
				CLANG_CXX_LIBRARY = "libc++";
				CLANG_ENABLE_MODULES = YES;
				CLANG_ENABLE_OBJC_ARC = YES;
				CLANG_WARN_BOOL_CONVERSION = YES;
				CLANG_WARN_CONSTANT_CONVERSION = YES;
				CLANG_WARN_DIRECT_OBJC_ISA_USAGE = YES_ERROR;
				CLANG_WARN_DOCUMENTATION_COMMENTS = YES;
				CLANG_WARN_EMPTY_BODY = YES;
				CLANG_WARN_ENUM_CONVERSION = YES;
				CLANG_WARN_INFINITE_RECURSION = YES;
				CLANG_WARN_INT_CONVERSION = YES;
				CLANG_WARN_OBJC_ROOT_CLASS = YES_ERROR;
				CLANG_WARN_SUSPICIOUS_MOVE = YES;
				CLANG_WARN_UNREACHABLE_CODE = YES;
				CLANG_WARN__DUPLICATE_METHOD_MATCH = YES;
				"CODE_SIGN_IDENTITY[sdk=iphoneos*]" = "iPhone Developer";
				COPY_PHASE_STRIP = NO;
				DEBUG_INFORMATION_FORMAT = dwarf;
				ENABLE_STRICT_OBJC_MSGSEND = YES;
				ENABLE_TESTABILITY = YES;
				GCC_C_LANGUAGE_STANDARD = gnu99;
				GCC_DYNAMIC_NO_PIC = NO;
				GCC_NO_COMMON_BLOCKS = YES;
				GCC_OPTIMIZATION_LEVEL = 0;
				GCC_PREPROCESSOR_DEFINITIONS = (
					"DEBUG=1",
					"$(inherited)",
				);
				GCC_WARN_64_TO_32_BIT_CONVERSION = YES;
				GCC_WARN_ABOUT_RETURN_TYPE = YES_ERROR;
				GCC_WARN_UNDECLARED_SELECTOR = YES;
				GCC_WARN_UNINITIALIZED_AUTOS = YES_AGGRESSIVE;
				GCC_WARN_UNUSED_FUNCTION = YES;
				GCC_WARN_UNUSED_VARIABLE = YES;
				IPHONEOS_DEPLOYMENT_TARGET = 10.3;
				MTL_ENABLE_DEBUG_INFO = YES;
				ONLY_ACTIVE_ARCH = YES;
				SDKROOT = iphoneos;
				SWIFT_ACTIVE_COMPILATION_CONDITIONS = DEBUG;
				SWIFT_OPTIMIZATION_LEVEL = "-Onone";
				TARGETED_DEVICE_FAMILY = "1,2";
			};
			name = Debug;
		};
		F0C915D71F3FEC1F00166964 /* Release */ = {
			isa = XCBuildConfiguration;
			buildSettings = {
				ALWAYS_SEARCH_USER_PATHS = NO;
				CLANG_ANALYZER_LOCALIZABILITY_NONLOCALIZED = YES;
				CLANG_ANALYZER_NONNULL = YES;
				CLANG_ANALYZER_NUMBER_OBJECT_CONVERSION = YES_AGGRESSIVE;
				CLANG_CXX_LANGUAGE_STANDARD = "gnu++0x";
				CLANG_CXX_LIBRARY = "libc++";
				CLANG_ENABLE_MODULES = YES;
				CLANG_ENABLE_OBJC_ARC = YES;
				CLANG_WARN_BOOL_CONVERSION = YES;
				CLANG_WARN_CONSTANT_CONVERSION = YES;
				CLANG_WARN_DIRECT_OBJC_ISA_USAGE = YES_ERROR;
				CLANG_WARN_DOCUMENTATION_COMMENTS = YES;
				CLANG_WARN_EMPTY_BODY = YES;
				CLANG_WARN_ENUM_CONVERSION = YES;
				CLANG_WARN_INFINITE_RECURSION = YES;
				CLANG_WARN_INT_CONVERSION = YES;
				CLANG_WARN_OBJC_ROOT_CLASS = YES_ERROR;
				CLANG_WARN_SUSPICIOUS_MOVE = YES;
				CLANG_WARN_UNREACHABLE_CODE = YES;
				CLANG_WARN__DUPLICATE_METHOD_MATCH = YES;
				"CODE_SIGN_IDENTITY[sdk=iphoneos*]" = "iPhone Developer";
				COPY_PHASE_STRIP = NO;
				DEBUG_INFORMATION_FORMAT = "dwarf-with-dsym";
				ENABLE_NS_ASSERTIONS = NO;
				ENABLE_STRICT_OBJC_MSGSEND = YES;
				GCC_C_LANGUAGE_STANDARD = gnu99;
				GCC_NO_COMMON_BLOCKS = YES;
				GCC_WARN_64_TO_32_BIT_CONVERSION = YES;
				GCC_WARN_ABOUT_RETURN_TYPE = YES_ERROR;
				GCC_WARN_UNDECLARED_SELECTOR = YES;
				GCC_WARN_UNINITIALIZED_AUTOS = YES_AGGRESSIVE;
				GCC_WARN_UNUSED_FUNCTION = YES;
				GCC_WARN_UNUSED_VARIABLE = YES;
				IPHONEOS_DEPLOYMENT_TARGET = 10.3;
				MTL_ENABLE_DEBUG_INFO = NO;
				SDKROOT = iphoneos;
				SWIFT_OPTIMIZATION_LEVEL = "-Owholemodule";
				TARGETED_DEVICE_FAMILY = "1,2";
				VALIDATE_PRODUCT = YES;
			};
			name = Release;
		};
		F0C915D91F3FEC1F00166964 /* Debug */ = {
			isa = XCBuildConfiguration;
			buildSettings = {
				ASSETCATALOG_COMPILER_APPICON_NAME = AppIcon;
				INFOPLIST_FILE = WorldTrotter/Info.plist;
				LD_RUNPATH_SEARCH_PATHS = "$(inherited) @executable_path/Frameworks";
				PRODUCT_BUNDLE_IDENTIFIER = com.bignerdranch.WorldTrotter;
				PRODUCT_NAME = "$(TARGET_NAME)";
				SWIFT_VERSION = 3.0;
			};
			name = Debug;
		};
		F0C915DA1F3FEC1F00166964 /* Release */ = {
			isa = XCBuildConfiguration;
			buildSettings = {
				ASSETCATALOG_COMPILER_APPICON_NAME = AppIcon;
				INFOPLIST_FILE = WorldTrotter/Info.plist;
				LD_RUNPATH_SEARCH_PATHS = "$(inherited) @executable_path/Frameworks";
				PRODUCT_BUNDLE_IDENTIFIER = com.bignerdranch.WorldTrotter;
				PRODUCT_NAME = "$(TARGET_NAME)";
				SWIFT_VERSION = 3.0;
			};
			name = Release;
		};
		F0C915DC1F3FEC1F00166964 /* Debug */ = {
			isa = XCBuildConfiguration;
			buildSettings = {
				ALWAYS_EMBED_SWIFT_STANDARD_LIBRARIES = YES;
				BUNDLE_LOADER = "$(TEST_HOST)";
				INFOPLIST_FILE = WorldTrotterTests/Info.plist;
				LD_RUNPATH_SEARCH_PATHS = "$(inherited) @executable_path/Frameworks @loader_path/Frameworks";
				PRODUCT_BUNDLE_IDENTIFIER = com.bignerdranch.WorldTrotterTests;
				PRODUCT_NAME = "$(TARGET_NAME)";
				SWIFT_VERSION = 3.0;
				TEST_HOST = "$(BUILT_PRODUCTS_DIR)/WorldTrotter.app/WorldTrotter";
			};
			name = Debug;
		};
		F0C915DD1F3FEC1F00166964 /* Release */ = {
			isa = XCBuildConfiguration;
			buildSettings = {
				ALWAYS_EMBED_SWIFT_STANDARD_LIBRARIES = YES;
				BUNDLE_LOADER = "$(TEST_HOST)";
				INFOPLIST_FILE = WorldTrotterTests/Info.plist;
				LD_RUNPATH_SEARCH_PATHS = "$(inherited) @executable_path/Frameworks @loader_path/Frameworks";
				PRODUCT_BUNDLE_IDENTIFIER = com.bignerdranch.WorldTrotterTests;
				PRODUCT_NAME = "$(TARGET_NAME)";
				SWIFT_VERSION = 3.0;
				TEST_HOST = "$(BUILT_PRODUCTS_DIR)/WorldTrotter.app/WorldTrotter";
			};
			name = Release;
		};
		F0C915DF1F3FEC1F00166964 /* Debug */ = {
			isa = XCBuildConfiguration;
			buildSettings = {
				ALWAYS_EMBED_SWIFT_STANDARD_LIBRARIES = YES;
				INFOPLIST_FILE = WorldTrotterUITests/Info.plist;
				LD_RUNPATH_SEARCH_PATHS = "$(inherited) @executable_path/Frameworks @loader_path/Frameworks";
				PRODUCT_BUNDLE_IDENTIFIER = com.bignerdranch.WorldTrotterUITests;
				PRODUCT_NAME = "$(TARGET_NAME)";
				SWIFT_VERSION = 3.0;
				TEST_TARGET_NAME = WorldTrotter;
			};
			name = Debug;
		};
		F0C915E01F3FEC1F00166964 /* Release */ = {
			isa = XCBuildConfiguration;
			buildSettings = {
				ALWAYS_EMBED_SWIFT_STANDARD_LIBRARIES = YES;
				INFOPLIST_FILE = WorldTrotterUITests/Info.plist;
				LD_RUNPATH_SEARCH_PATHS = "$(inherited) @executable_path/Frameworks @loader_path/Frameworks";
				PRODUCT_BUNDLE_IDENTIFIER = com.bignerdranch.WorldTrotterUITests;
				PRODUCT_NAME = "$(TARGET_NAME)";
				SWIFT_VERSION = 3.0;
				TEST_TARGET_NAME = WorldTrotter;
			};
			name = Release;
		};
/* End XCBuildConfiguration section */

/* Begin XCConfigurationList section */
		F0C915AB1F3FEC1F00166964 /* Build configuration list for PBXProject "WorldTrotter" */ = {
			isa = XCConfigurationList;
			buildConfigurations = (
				F0C915D61F3FEC1F00166964 /* Debug */,
				F0C915D71F3FEC1F00166964 /* Release */,
			);
			defaultConfigurationIsVisible = 0;
			defaultConfigurationName = Release;
		};
		F0C915D81F3FEC1F00166964 /* Build configuration list for PBXNativeTarget "WorldTrotter" */ = {
			isa = XCConfigurationList;
			buildConfigurations = (
				F0C915D91F3FEC1F00166964 /* Debug */,
				F0C915DA1F3FEC1F00166964 /* Release */,
			);
			defaultConfigurationIsVisible = 0;
			defaultConfigurationName = Release;
		};
		F0C915DB1F3FEC1F00166964 /* Build configuration list for PBXNativeTarget "WorldTrotterTests" */ = {
			isa = XCConfigurationList;
			buildConfigurations = (
				F0C915DC1F3FEC1F00166964 /* Debug */,
				F0C915DD1F3FEC1F00166964 /* Release */,
			);
			defaultConfigurationIsVisible = 0;
			defaultConfigurationName = Release;
		};
		F0C915DE1F3FEC1F00166964 /* Build configuration list for PBXNativeTarget "WorldTrotterUITests" */ = {
			isa = XCConfigurationList;
			buildConfigurations = (
				F0C915DF1F3FEC1F00166964 /* Debug */,
				F0C915E01F3FEC1F00166964 /* Release */,
			);
			defaultConfigurationIsVisible = 0;
			defaultConfigurationName = Release;
		};
/* End XCConfigurationList section */
	};
	rootObject = F0C915A81F3FEC1F00166964 /* Project object */;
}
